// !$*UTF8*$!
{
	archiveVersion = 1;
	classes = {
	};
	objectVersion = 51;
	objects = {

/* Begin PBXBuildFile section */
		053203DD684165CD4C1955D6 /* Pods_MarvelApp_MarvelAppUITests.framework in Frameworks */ = {isa = PBXBuildFile; fileRef = 43FFD30AD2485C24AE180F99 /* Pods_MarvelApp_MarvelAppUITests.framework */; };
		A8ED44F568F9BDDA2CC544B3 /* Pods_MarvelAppTests.framework in Frameworks */ = {isa = PBXBuildFile; fileRef = F7452738A8C3AC7C844DDB7E /* Pods_MarvelAppTests.framework */; };
		BF6AAD6F24F1C9DA0000676E /* Structs.swift in Sources */ = {isa = PBXBuildFile; fileRef = BF6AAD6E24F1C9DA0000676E /* Structs.swift */; };
		BFB06DE424E8580F00EC28F1 /* AppDelegate.swift in Sources */ = {isa = PBXBuildFile; fileRef = BFB06DE324E8580F00EC28F1 /* AppDelegate.swift */; };
		BFB06DE624E8580F00EC28F1 /* SceneDelegate.swift in Sources */ = {isa = PBXBuildFile; fileRef = BFB06DE524E8580F00EC28F1 /* SceneDelegate.swift */; };
		BFB06DE824E8580F00EC28F1 /* RegisterViewController.swift in Sources */ = {isa = PBXBuildFile; fileRef = BFB06DE724E8580F00EC28F1 /* RegisterViewController.swift */; };
		BFB06DEB24E8580F00EC28F1 /* Main.storyboard in Resources */ = {isa = PBXBuildFile; fileRef = BFB06DE924E8580F00EC28F1 /* Main.storyboard */; };
		BFB06DED24E8581200EC28F1 /* Assets.xcassets in Resources */ = {isa = PBXBuildFile; fileRef = BFB06DEC24E8581200EC28F1 /* Assets.xcassets */; };
		BFB06DF024E8581200EC28F1 /* LaunchScreen.storyboard in Resources */ = {isa = PBXBuildFile; fileRef = BFB06DEE24E8581200EC28F1 /* LaunchScreen.storyboard */; };
		BFB06DFB24E8581200EC28F1 /* MarvelAppTests.swift in Sources */ = {isa = PBXBuildFile; fileRef = BFB06DFA24E8581200EC28F1 /* MarvelAppTests.swift */; };
		BFB06E0624E8581200EC28F1 /* MarvelAppUITests.swift in Sources */ = {isa = PBXBuildFile; fileRef = BFB06E0524E8581200EC28F1 /* MarvelAppUITests.swift */; };
		BFB06E1424E8667D00EC28F1 /* Utils.swift in Sources */ = {isa = PBXBuildFile; fileRef = BFB06E1324E8667D00EC28F1 /* Utils.swift */; };
		BFB06E1624E8699200EC28F1 /* ListCharactersTableViewController.swift in Sources */ = {isa = PBXBuildFile; fileRef = BFB06E1524E8699200EC28F1 /* ListCharactersTableViewController.swift */; };
		BFB3AC923CD41AF814FF52BB /* Pods_MarvelApp.framework in Frameworks */ = {isa = PBXBuildFile; fileRef = D2EAB698ACB815415E2CCB0E /* Pods_MarvelApp.framework */; };
/* End PBXBuildFile section */

/* Begin PBXContainerItemProxy section */
		BFB06DF724E8581200EC28F1 /* PBXContainerItemProxy */ = {
			isa = PBXContainerItemProxy;
			containerPortal = BFB06DD824E8580E00EC28F1 /* Project object */;
			proxyType = 1;
			remoteGlobalIDString = BFB06DDF24E8580F00EC28F1;
			remoteInfo = MarvelApp;
		};
		BFB06E0224E8581200EC28F1 /* PBXContainerItemProxy */ = {
			isa = PBXContainerItemProxy;
			containerPortal = BFB06DD824E8580E00EC28F1 /* Project object */;
			proxyType = 1;
			remoteGlobalIDString = BFB06DDF24E8580F00EC28F1;
			remoteInfo = MarvelApp;
		};
/* End PBXContainerItemProxy section */

/* Begin PBXFileReference section */
		43FFD30AD2485C24AE180F99 /* Pods_MarvelApp_MarvelAppUITests.framework */ = {isa = PBXFileReference; explicitFileType = wrapper.framework; includeInIndex = 0; path = Pods_MarvelApp_MarvelAppUITests.framework; sourceTree = BUILT_PRODUCTS_DIR; };
		45714D413586F3681EEAC982 /* Pods-MarvelApp-MarvelAppUITests.debug.xcconfig */ = {isa = PBXFileReference; includeInIndex = 1; lastKnownFileType = text.xcconfig; name = "Pods-MarvelApp-MarvelAppUITests.debug.xcconfig"; path = "Target Support Files/Pods-MarvelApp-MarvelAppUITests/Pods-MarvelApp-MarvelAppUITests.debug.xcconfig"; sourceTree = "<group>"; };
		64CCC3F24158BA683F8C3459 /* Pods-MarvelApp-MarvelAppUITests.release.xcconfig */ = {isa = PBXFileReference; includeInIndex = 1; lastKnownFileType = text.xcconfig; name = "Pods-MarvelApp-MarvelAppUITests.release.xcconfig"; path = "Target Support Files/Pods-MarvelApp-MarvelAppUITests/Pods-MarvelApp-MarvelAppUITests.release.xcconfig"; sourceTree = "<group>"; };
		653FE7D9557D1A2E6BF602F7 /* Pods-MarvelAppTests.release.xcconfig */ = {isa = PBXFileReference; includeInIndex = 1; lastKnownFileType = text.xcconfig; name = "Pods-MarvelAppTests.release.xcconfig"; path = "Target Support Files/Pods-MarvelAppTests/Pods-MarvelAppTests.release.xcconfig"; sourceTree = "<group>"; };
		6A6472D5AC543F9C20757E69 /* Pods-MarvelApp.debug.xcconfig */ = {isa = PBXFileReference; includeInIndex = 1; lastKnownFileType = text.xcconfig; name = "Pods-MarvelApp.debug.xcconfig"; path = "Target Support Files/Pods-MarvelApp/Pods-MarvelApp.debug.xcconfig"; sourceTree = "<group>"; };
		BF6AAD6E24F1C9DA0000676E /* Structs.swift */ = {isa = PBXFileReference; lastKnownFileType = sourcecode.swift; path = Structs.swift; sourceTree = "<group>"; };
		BFB06DE024E8580F00EC28F1 /* MarvelApp.app */ = {isa = PBXFileReference; explicitFileType = wrapper.application; includeInIndex = 0; path = MarvelApp.app; sourceTree = BUILT_PRODUCTS_DIR; };
		BFB06DE324E8580F00EC28F1 /* AppDelegate.swift */ = {isa = PBXFileReference; lastKnownFileType = sourcecode.swift; path = AppDelegate.swift; sourceTree = "<group>"; };
		BFB06DE524E8580F00EC28F1 /* SceneDelegate.swift */ = {isa = PBXFileReference; lastKnownFileType = sourcecode.swift; path = SceneDelegate.swift; sourceTree = "<group>"; };
		BFB06DE724E8580F00EC28F1 /* RegisterViewController.swift */ = {isa = PBXFileReference; lastKnownFileType = sourcecode.swift; path = RegisterViewController.swift; sourceTree = "<group>"; };
		BFB06DEA24E8580F00EC28F1 /* Base */ = {isa = PBXFileReference; lastKnownFileType = file.storyboard; name = Base; path = Base.lproj/Main.storyboard; sourceTree = "<group>"; };
		BFB06DEC24E8581200EC28F1 /* Assets.xcassets */ = {isa = PBXFileReference; lastKnownFileType = folder.assetcatalog; path = Assets.xcassets; sourceTree = "<group>"; };
		BFB06DEF24E8581200EC28F1 /* Base */ = {isa = PBXFileReference; lastKnownFileType = file.storyboard; name = Base; path = Base.lproj/LaunchScreen.storyboard; sourceTree = "<group>"; };
		BFB06DF124E8581200EC28F1 /* Info.plist */ = {isa = PBXFileReference; lastKnownFileType = text.plist.xml; path = Info.plist; sourceTree = "<group>"; };
		BFB06DF624E8581200EC28F1 /* MarvelAppTests.xctest */ = {isa = PBXFileReference; explicitFileType = wrapper.cfbundle; includeInIndex = 0; path = MarvelAppTests.xctest; sourceTree = BUILT_PRODUCTS_DIR; };
		BFB06DFA24E8581200EC28F1 /* MarvelAppTests.swift */ = {isa = PBXFileReference; lastKnownFileType = sourcecode.swift; path = MarvelAppTests.swift; sourceTree = "<group>"; };
		BFB06DFC24E8581200EC28F1 /* Info.plist */ = {isa = PBXFileReference; lastKnownFileType = text.plist.xml; path = Info.plist; sourceTree = "<group>"; };
		BFB06E0124E8581200EC28F1 /* MarvelAppUITests.xctest */ = {isa = PBXFileReference; explicitFileType = wrapper.cfbundle; includeInIndex = 0; path = MarvelAppUITests.xctest; sourceTree = BUILT_PRODUCTS_DIR; };
		BFB06E0524E8581200EC28F1 /* MarvelAppUITests.swift */ = {isa = PBXFileReference; lastKnownFileType = sourcecode.swift; path = MarvelAppUITests.swift; sourceTree = "<group>"; };
		BFB06E0724E8581200EC28F1 /* Info.plist */ = {isa = PBXFileReference; lastKnownFileType = text.plist.xml; path = Info.plist; sourceTree = "<group>"; };
		BFB06E1324E8667D00EC28F1 /* Utils.swift */ = {isa = PBXFileReference; lastKnownFileType = sourcecode.swift; path = Utils.swift; sourceTree = "<group>"; };
		BFB06E1524E8699200EC28F1 /* ListCharactersTableViewController.swift */ = {isa = PBXFileReference; lastKnownFileType = sourcecode.swift; path = ListCharactersTableViewController.swift; sourceTree = "<group>"; };
		CFC93CB734C026BA5F2CF310 /* Pods-MarvelAppTests.debug.xcconfig */ = {isa = PBXFileReference; includeInIndex = 1; lastKnownFileType = text.xcconfig; name = "Pods-MarvelAppTests.debug.xcconfig"; path = "Target Support Files/Pods-MarvelAppTests/Pods-MarvelAppTests.debug.xcconfig"; sourceTree = "<group>"; };
		D2EAB698ACB815415E2CCB0E /* Pods_MarvelApp.framework */ = {isa = PBXFileReference; explicitFileType = wrapper.framework; includeInIndex = 0; path = Pods_MarvelApp.framework; sourceTree = BUILT_PRODUCTS_DIR; };
		D841ABBD829D124AFEFB9249 /* Pods-MarvelApp.release.xcconfig */ = {isa = PBXFileReference; includeInIndex = 1; lastKnownFileType = text.xcconfig; name = "Pods-MarvelApp.release.xcconfig"; path = "Target Support Files/Pods-MarvelApp/Pods-MarvelApp.release.xcconfig"; sourceTree = "<group>"; };
		F7452738A8C3AC7C844DDB7E /* Pods_MarvelAppTests.framework */ = {isa = PBXFileReference; explicitFileType = wrapper.framework; includeInIndex = 0; path = Pods_MarvelAppTests.framework; sourceTree = BUILT_PRODUCTS_DIR; };
/* End PBXFileReference section */

/* Begin PBXFrameworksBuildPhase section */
		BFB06DDD24E8580F00EC28F1 /* Frameworks */ = {
			isa = PBXFrameworksBuildPhase;
			buildActionMask = 2147483647;
			files = (
				BFB3AC923CD41AF814FF52BB /* Pods_MarvelApp.framework in Frameworks */,
			);
			runOnlyForDeploymentPostprocessing = 0;
		};
		BFB06DF324E8581200EC28F1 /* Frameworks */ = {
			isa = PBXFrameworksBuildPhase;
			buildActionMask = 2147483647;
			files = (
				A8ED44F568F9BDDA2CC544B3 /* Pods_MarvelAppTests.framework in Frameworks */,
			);
			runOnlyForDeploymentPostprocessing = 0;
		};
		BFB06DFE24E8581200EC28F1 /* Frameworks */ = {
			isa = PBXFrameworksBuildPhase;
			buildActionMask = 2147483647;
			files = (
				053203DD684165CD4C1955D6 /* Pods_MarvelApp_MarvelAppUITests.framework in Frameworks */,
			);
			runOnlyForDeploymentPostprocessing = 0;
		};
/* End PBXFrameworksBuildPhase section */

/* Begin PBXGroup section */
		2D4053D7C82E83EAEE52FF64 /* Frameworks */ = {
			isa = PBXGroup;
			children = (
				D2EAB698ACB815415E2CCB0E /* Pods_MarvelApp.framework */,
				43FFD30AD2485C24AE180F99 /* Pods_MarvelApp_MarvelAppUITests.framework */,
				F7452738A8C3AC7C844DDB7E /* Pods_MarvelAppTests.framework */,
			);
			name = Frameworks;
			sourceTree = "<group>";
		};
		62041709E75C0D95EA79BC4B /* Pods */ = {
			isa = PBXGroup;
			children = (
				6A6472D5AC543F9C20757E69 /* Pods-MarvelApp.debug.xcconfig */,
				D841ABBD829D124AFEFB9249 /* Pods-MarvelApp.release.xcconfig */,
				45714D413586F3681EEAC982 /* Pods-MarvelApp-MarvelAppUITests.debug.xcconfig */,
				64CCC3F24158BA683F8C3459 /* Pods-MarvelApp-MarvelAppUITests.release.xcconfig */,
				CFC93CB734C026BA5F2CF310 /* Pods-MarvelAppTests.debug.xcconfig */,
				653FE7D9557D1A2E6BF602F7 /* Pods-MarvelAppTests.release.xcconfig */,
			);
			path = Pods;
			sourceTree = "<group>";
		};
		BFB06DD724E8580E00EC28F1 = {
			isa = PBXGroup;
			children = (
				BFB06DE224E8580F00EC28F1 /* MarvelApp */,
				BFB06DF924E8581200EC28F1 /* MarvelAppTests */,
				BFB06E0424E8581200EC28F1 /* MarvelAppUITests */,
				BFB06DE124E8580F00EC28F1 /* Products */,
				62041709E75C0D95EA79BC4B /* Pods */,
				2D4053D7C82E83EAEE52FF64 /* Frameworks */,
			);
			sourceTree = "<group>";
		};
		BFB06DE124E8580F00EC28F1 /* Products */ = {
			isa = PBXGroup;
			children = (
				BFB06DE024E8580F00EC28F1 /* MarvelApp.app */,
				BFB06DF624E8581200EC28F1 /* MarvelAppTests.xctest */,
				BFB06E0124E8581200EC28F1 /* MarvelAppUITests.xctest */,
			);
			name = Products;
			sourceTree = "<group>";
		};
		BFB06DE224E8580F00EC28F1 /* MarvelApp */ = {
			isa = PBXGroup;
			children = (
				BFB06DE324E8580F00EC28F1 /* AppDelegate.swift */,
				BFB06DE524E8580F00EC28F1 /* SceneDelegate.swift */,
				BFB06E1524E8699200EC28F1 /* ListCharactersTableViewController.swift */,
				BFB06DE724E8580F00EC28F1 /* RegisterViewController.swift */,
				BFB06DE924E8580F00EC28F1 /* Main.storyboard */,
				BF6AAD6E24F1C9DA0000676E /* Structs.swift */,
				BFB06DEC24E8581200EC28F1 /* Assets.xcassets */,
				BFB06DEE24E8581200EC28F1 /* LaunchScreen.storyboard */,
				BFB06DF124E8581200EC28F1 /* Info.plist */,
				BFB06E1324E8667D00EC28F1 /* Utils.swift */,
			);
			path = MarvelApp;
			sourceTree = "<group>";
		};
		BFB06DF924E8581200EC28F1 /* MarvelAppTests */ = {
			isa = PBXGroup;
			children = (
				BFB06DFA24E8581200EC28F1 /* MarvelAppTests.swift */,
				BFB06DFC24E8581200EC28F1 /* Info.plist */,
			);
			path = MarvelAppTests;
			sourceTree = "<group>";
		};
		BFB06E0424E8581200EC28F1 /* MarvelAppUITests */ = {
			isa = PBXGroup;
			children = (
				BFB06E0524E8581200EC28F1 /* MarvelAppUITests.swift */,
				BFB06E0724E8581200EC28F1 /* Info.plist */,
			);
			path = MarvelAppUITests;
			sourceTree = "<group>";
		};
/* End PBXGroup section */

/* Begin PBXNativeTarget section */
		BFB06DDF24E8580F00EC28F1 /* MarvelApp */ = {
			isa = PBXNativeTarget;
			buildConfigurationList = BFB06E0A24E8581200EC28F1 /* Build configuration list for PBXNativeTarget "MarvelApp" */;
			buildPhases = (
				4AB1DE196A099026F128F656 /* [CP] Check Pods Manifest.lock */,
				BFB06DDC24E8580F00EC28F1 /* Sources */,
				BFB06DDD24E8580F00EC28F1 /* Frameworks */,
				BFB06DDE24E8580F00EC28F1 /* Resources */,
				A890ED75B13A327361C10AF4 /* [CP] Embed Pods Frameworks */,
			);
			buildRules = (
			);
			dependencies = (
			);
			name = MarvelApp;
			productName = MarvelApp;
			productReference = BFB06DE024E8580F00EC28F1 /* MarvelApp.app */;
			productType = "com.apple.product-type.application";
		};
		BFB06DF524E8581200EC28F1 /* MarvelAppTests */ = {
			isa = PBXNativeTarget;
			buildConfigurationList = BFB06E0D24E8581200EC28F1 /* Build configuration list for PBXNativeTarget "MarvelAppTests" */;
			buildPhases = (
				88AE96D908AD11CA22E1E7C0 /* [CP] Check Pods Manifest.lock */,
				BFB06DF224E8581200EC28F1 /* Sources */,
				BFB06DF324E8581200EC28F1 /* Frameworks */,
				BFB06DF424E8581200EC28F1 /* Resources */,
			);
			buildRules = (
			);
			dependencies = (
				BFB06DF824E8581200EC28F1 /* PBXTargetDependency */,
			);
			name = MarvelAppTests;
			productName = MarvelAppTests;
			productReference = BFB06DF624E8581200EC28F1 /* MarvelAppTests.xctest */;
			productType = "com.apple.product-type.bundle.unit-test";
		};
		BFB06E0024E8581200EC28F1 /* MarvelAppUITests */ = {
			isa = PBXNativeTarget;
			buildConfigurationList = BFB06E1024E8581200EC28F1 /* Build configuration list for PBXNativeTarget "MarvelAppUITests" */;
			buildPhases = (
				2599661C5C33956E91ACB938 /* [CP] Check Pods Manifest.lock */,
				BFB06DFD24E8581200EC28F1 /* Sources */,
				BFB06DFE24E8581200EC28F1 /* Frameworks */,
				BFB06DFF24E8581200EC28F1 /* Resources */,
				F29433BBFA56EB05950223FA /* [CP] Embed Pods Frameworks */,
			);
			buildRules = (
			);
			dependencies = (
				BFB06E0324E8581200EC28F1 /* PBXTargetDependency */,
			);
			name = MarvelAppUITests;
			productName = MarvelAppUITests;
			productReference = BFB06E0124E8581200EC28F1 /* MarvelAppUITests.xctest */;
			productType = "com.apple.product-type.bundle.ui-testing";
		};
/* End PBXNativeTarget section */

/* Begin PBXProject section */
		BFB06DD824E8580E00EC28F1 /* Project object */ = {
			isa = PBXProject;
			attributes = {
				LastSwiftUpdateCheck = 1160;
				LastUpgradeCheck = 1160;
				ORGANIZATIONNAME = "Guilherme Takakuwa";
				TargetAttributes = {
					BFB06DDF24E8580F00EC28F1 = {
						CreatedOnToolsVersion = 11.6;
					};
					BFB06DF524E8581200EC28F1 = {
						CreatedOnToolsVersion = 11.6;
						TestTargetID = BFB06DDF24E8580F00EC28F1;
					};
					BFB06E0024E8581200EC28F1 = {
						CreatedOnToolsVersion = 11.6;
						TestTargetID = BFB06DDF24E8580F00EC28F1;
					};
				};
			};
			buildConfigurationList = BFB06DDB24E8580E00EC28F1 /* Build configuration list for PBXProject "MarvelApp" */;
			compatibilityVersion = "Xcode 9.3";
			developmentRegion = en;
			hasScannedForEncodings = 0;
			knownRegions = (
				en,
				Base,
			);
			mainGroup = BFB06DD724E8580E00EC28F1;
			productRefGroup = BFB06DE124E8580F00EC28F1 /* Products */;
			projectDirPath = "";
			projectRoot = "";
			targets = (
				BFB06DDF24E8580F00EC28F1 /* MarvelApp */,
				BFB06DF524E8581200EC28F1 /* MarvelAppTests */,
				BFB06E0024E8581200EC28F1 /* MarvelAppUITests */,
			);
		};
/* End PBXProject section */

/* Begin PBXResourcesBuildPhase section */
		BFB06DDE24E8580F00EC28F1 /* Resources */ = {
			isa = PBXResourcesBuildPhase;
			buildActionMask = 2147483647;
			files = (
				BFB06DF024E8581200EC28F1 /* LaunchScreen.storyboard in Resources */,
				BFB06DED24E8581200EC28F1 /* Assets.xcassets in Resources */,
				BFB06DEB24E8580F00EC28F1 /* Main.storyboard in Resources */,
			);
			runOnlyForDeploymentPostprocessing = 0;
		};
		BFB06DF424E8581200EC28F1 /* Resources */ = {
			isa = PBXResourcesBuildPhase;
			buildActionMask = 2147483647;
			files = (
			);
			runOnlyForDeploymentPostprocessing = 0;
		};
		BFB06DFF24E8581200EC28F1 /* Resources */ = {
			isa = PBXResourcesBuildPhase;
			buildActionMask = 2147483647;
			files = (
			);
			runOnlyForDeploymentPostprocessing = 0;
		};
/* End PBXResourcesBuildPhase section */

/* Begin PBXShellScriptBuildPhase section */
		2599661C5C33956E91ACB938 /* [CP] Check Pods Manifest.lock */ = {
			isa = PBXShellScriptBuildPhase;
			buildActionMask = 2147483647;
			files = (
			);
			inputFileListPaths = (
			);
			inputPaths = (
				"${PODS_PODFILE_DIR_PATH}/Podfile.lock",
				"${PODS_ROOT}/Manifest.lock",
			);
			name = "[CP] Check Pods Manifest.lock";
			outputFileListPaths = (
			);
			outputPaths = (
				"$(DERIVED_FILE_DIR)/Pods-MarvelApp-MarvelAppUITests-checkManifestLockResult.txt",
			);
			runOnlyForDeploymentPostprocessing = 0;
			shellPath = /bin/sh;
			shellScript = "diff \"${PODS_PODFILE_DIR_PATH}/Podfile.lock\" \"${PODS_ROOT}/Manifest.lock\" > /dev/null\nif [ $? != 0 ] ; then\n    # print error to STDERR\n    echo \"error: The sandbox is not in sync with the Podfile.lock. Run 'pod install' or update your CocoaPods installation.\" >&2\n    exit 1\nfi\n# This output is used by Xcode 'outputs' to avoid re-running this script phase.\necho \"SUCCESS\" > \"${SCRIPT_OUTPUT_FILE_0}\"\n";
			showEnvVarsInLog = 0;
		};
		4AB1DE196A099026F128F656 /* [CP] Check Pods Manifest.lock */ = {
			isa = PBXShellScriptBuildPhase;
			buildActionMask = 2147483647;
			files = (
			);
			inputFileListPaths = (
			);
			inputPaths = (
				"${PODS_PODFILE_DIR_PATH}/Podfile.lock",
				"${PODS_ROOT}/Manifest.lock",
			);
			name = "[CP] Check Pods Manifest.lock";
			outputFileListPaths = (
			);
			outputPaths = (
				"$(DERIVED_FILE_DIR)/Pods-MarvelApp-checkManifestLockResult.txt",
			);
			runOnlyForDeploymentPostprocessing = 0;
			shellPath = /bin/sh;
			shellScript = "diff \"${PODS_PODFILE_DIR_PATH}/Podfile.lock\" \"${PODS_ROOT}/Manifest.lock\" > /dev/null\nif [ $? != 0 ] ; then\n    # print error to STDERR\n    echo \"error: The sandbox is not in sync with the Podfile.lock. Run 'pod install' or update your CocoaPods installation.\" >&2\n    exit 1\nfi\n# This output is used by Xcode 'outputs' to avoid re-running this script phase.\necho \"SUCCESS\" > \"${SCRIPT_OUTPUT_FILE_0}\"\n";
			showEnvVarsInLog = 0;
		};
		88AE96D908AD11CA22E1E7C0 /* [CP] Check Pods Manifest.lock */ = {
			isa = PBXShellScriptBuildPhase;
			buildActionMask = 2147483647;
			files = (
			);
			inputFileListPaths = (
			);
			inputPaths = (
				"${PODS_PODFILE_DIR_PATH}/Podfile.lock",
				"${PODS_ROOT}/Manifest.lock",
			);
			name = "[CP] Check Pods Manifest.lock";
			outputFileListPaths = (
			);
			outputPaths = (
				"$(DERIVED_FILE_DIR)/Pods-MarvelAppTests-checkManifestLockResult.txt",
			);
			runOnlyForDeploymentPostprocessing = 0;
			shellPath = /bin/sh;
			shellScript = "diff \"${PODS_PODFILE_DIR_PATH}/Podfile.lock\" \"${PODS_ROOT}/Manifest.lock\" > /dev/null\nif [ $? != 0 ] ; then\n    # print error to STDERR\n    echo \"error: The sandbox is not in sync with the Podfile.lock. Run 'pod install' or update your CocoaPods installation.\" >&2\n    exit 1\nfi\n# This output is used by Xcode 'outputs' to avoid re-running this script phase.\necho \"SUCCESS\" > \"${SCRIPT_OUTPUT_FILE_0}\"\n";
			showEnvVarsInLog = 0;
		};
		A890ED75B13A327361C10AF4 /* [CP] Embed Pods Frameworks */ = {
			isa = PBXShellScriptBuildPhase;
			buildActionMask = 2147483647;
			files = (
			);
			inputFileListPaths = (
				"${PODS_ROOT}/Target Support Files/Pods-MarvelApp/Pods-MarvelApp-frameworks-${CONFIGURATION}-input-files.xcfilelist",
			);
			name = "[CP] Embed Pods Frameworks";
			outputFileListPaths = (
				"${PODS_ROOT}/Target Support Files/Pods-MarvelApp/Pods-MarvelApp-frameworks-${CONFIGURATION}-output-files.xcfilelist",
			);
			runOnlyForDeploymentPostprocessing = 0;
			shellPath = /bin/sh;
			shellScript = "\"${PODS_ROOT}/Target Support Files/Pods-MarvelApp/Pods-MarvelApp-frameworks.sh\"\n";
			showEnvVarsInLog = 0;
		};
		F29433BBFA56EB05950223FA /* [CP] Embed Pods Frameworks */ = {
			isa = PBXShellScriptBuildPhase;
			buildActionMask = 2147483647;
			files = (
			);
			inputFileListPaths = (
				"${PODS_ROOT}/Target Support Files/Pods-MarvelApp-MarvelAppUITests/Pods-MarvelApp-MarvelAppUITests-frameworks-${CONFIGURATION}-input-files.xcfilelist",
			);
			name = "[CP] Embed Pods Frameworks";
			outputFileListPaths = (
				"${PODS_ROOT}/Target Support Files/Pods-MarvelApp-MarvelAppUITests/Pods-MarvelApp-MarvelAppUITests-frameworks-${CONFIGURATION}-output-files.xcfilelist",
			);
			runOnlyForDeploymentPostprocessing = 0;
			shellPath = /bin/sh;
			shellScript = "\"${PODS_ROOT}/Target Support Files/Pods-MarvelApp-MarvelAppUITests/Pods-MarvelApp-MarvelAppUITests-frameworks.sh\"\n";
			showEnvVarsInLog = 0;
		};
/* End PBXShellScriptBuildPhase section */

/* Begin PBXSourcesBuildPhase section */
		BFB06DDC24E8580F00EC28F1 /* Sources */ = {
			isa = PBXSourcesBuildPhase;
			buildActionMask = 2147483647;
			files = (
				BF6AAD6F24F1C9DA0000676E /* Structs.swift in Sources */,
				BFB06DE824E8580F00EC28F1 /* RegisterViewController.swift in Sources */,
				BFB06DE424E8580F00EC28F1 /* AppDelegate.swift in Sources */,
				BFB06E1624E8699200EC28F1 /* ListCharactersTableViewController.swift in Sources */,
				BFB06DE624E8580F00EC28F1 /* SceneDelegate.swift in Sources */,
				BFB06E1424E8667D00EC28F1 /* Utils.swift in Sources */,
			);
			runOnlyForDeploymentPostprocessing = 0;
		};
		BFB06DF224E8581200EC28F1 /* Sources */ = {
			isa = PBXSourcesBuildPhase;
			buildActionMask = 2147483647;
			files = (
				BFB06DFB24E8581200EC28F1 /* MarvelAppTests.swift in Sources */,
			);
			runOnlyForDeploymentPostprocessing = 0;
		};
		BFB06DFD24E8581200EC28F1 /* Sources */ = {
			isa = PBXSourcesBuildPhase;
			buildActionMask = 2147483647;
			files = (
				BFB06E0624E8581200EC28F1 /* MarvelAppUITests.swift in Sources */,
			);
			runOnlyForDeploymentPostprocessing = 0;
		};
/* End PBXSourcesBuildPhase section */

/* Begin PBXTargetDependency section */
		BFB06DF824E8581200EC28F1 /* PBXTargetDependency */ = {
			isa = PBXTargetDependency;
			target = BFB06DDF24E8580F00EC28F1 /* MarvelApp */;
			targetProxy = BFB06DF724E8581200EC28F1 /* PBXContainerItemProxy */;
		};
		BFB06E0324E8581200EC28F1 /* PBXTargetDependency */ = {
			isa = PBXTargetDependency;
			target = BFB06DDF24E8580F00EC28F1 /* MarvelApp */;
			targetProxy = BFB06E0224E8581200EC28F1 /* PBXContainerItemProxy */;
		};
/* End PBXTargetDependency section */

/* Begin PBXVariantGroup section */
		BFB06DE924E8580F00EC28F1 /* Main.storyboard */ = {
			isa = PBXVariantGroup;
			children = (
				BFB06DEA24E8580F00EC28F1 /* Base */,
			);
			name = Main.storyboard;
			sourceTree = "<group>";
		};
		BFB06DEE24E8581200EC28F1 /* LaunchScreen.storyboard */ = {
			isa = PBXVariantGroup;
			children = (
				BFB06DEF24E8581200EC28F1 /* Base */,
			);
			name = LaunchScreen.storyboard;
			sourceTree = "<group>";
		};
/* End PBXVariantGroup section */

/* Begin XCBuildConfiguration section */
		BFB06E0824E8581200EC28F1 /* Debug */ = {
			isa = XCBuildConfiguration;
			buildSettings = {
				ALWAYS_SEARCH_USER_PATHS = NO;
				CLANG_ANALYZER_NONNULL = YES;
				CLANG_ANALYZER_NUMBER_OBJECT_CONVERSION = YES_AGGRESSIVE;
				CLANG_CXX_LANGUAGE_STANDARD = "gnu++14";
				CLANG_CXX_LIBRARY = "libc++";
				CLANG_ENABLE_MODULES = YES;
				CLANG_ENABLE_OBJC_ARC = YES;
				CLANG_ENABLE_OBJC_WEAK = YES;
				CLANG_WARN_BLOCK_CAPTURE_AUTORELEASING = YES;
				CLANG_WARN_BOOL_CONVERSION = YES;
				CLANG_WARN_COMMA = YES;
				CLANG_WARN_CONSTANT_CONVERSION = YES;
				CLANG_WARN_DEPRECATED_OBJC_IMPLEMENTATIONS = YES;
				CLANG_WARN_DIRECT_OBJC_ISA_USAGE = YES_ERROR;
				CLANG_WARN_DOCUMENTATION_COMMENTS = YES;
				CLANG_WARN_EMPTY_BODY = YES;
				CLANG_WARN_ENUM_CONVERSION = YES;
				CLANG_WARN_INFINITE_RECURSION = YES;
				CLANG_WARN_INT_CONVERSION = YES;
				CLANG_WARN_NON_LITERAL_NULL_CONVERSION = YES;
				CLANG_WARN_OBJC_IMPLICIT_RETAIN_SELF = YES;
				CLANG_WARN_OBJC_LITERAL_CONVERSION = YES;
				CLANG_WARN_OBJC_ROOT_CLASS = YES_ERROR;
				CLANG_WARN_RANGE_LOOP_ANALYSIS = YES;
				CLANG_WARN_STRICT_PROTOTYPES = YES;
				CLANG_WARN_SUSPICIOUS_MOVE = YES;
				CLANG_WARN_UNGUARDED_AVAILABILITY = YES_AGGRESSIVE;
				CLANG_WARN_UNREACHABLE_CODE = YES;
				CLANG_WARN__DUPLICATE_METHOD_MATCH = YES;
				COPY_PHASE_STRIP = NO;
				DEBUG_INFORMATION_FORMAT = dwarf;
				ENABLE_STRICT_OBJC_MSGSEND = YES;
				ENABLE_TESTABILITY = YES;
				GCC_C_LANGUAGE_STANDARD = gnu11;
				GCC_DYNAMIC_NO_PIC = NO;
				GCC_NO_COMMON_BLOCKS = YES;
				GCC_OPTIMIZATION_LEVEL = 0;
				GCC_PREPROCESSOR_DEFINITIONS = (
					"DEBUG=1",
					"$(inherited)",
				);
				GCC_WARN_64_TO_32_BIT_CONVERSION = YES;
				GCC_WARN_ABOUT_RETURN_TYPE = YES_ERROR;
				GCC_WARN_UNDECLARED_SELECTOR = YES;
				GCC_WARN_UNINITIALIZED_AUTOS = YES_AGGRESSIVE;
				GCC_WARN_UNUSED_FUNCTION = YES;
				GCC_WARN_UNUSED_VARIABLE = YES;
				IPHONEOS_DEPLOYMENT_TARGET = 13.6;
				MTL_ENABLE_DEBUG_INFO = INCLUDE_SOURCE;
				MTL_FAST_MATH = YES;
				ONLY_ACTIVE_ARCH = YES;
				SDKROOT = iphoneos;
				SWIFT_ACTIVE_COMPILATION_CONDITIONS = DEBUG;
				SWIFT_OPTIMIZATION_LEVEL = "-Onone";
			};
			name = Debug;
		};
		BFB06E0924E8581200EC28F1 /* Release */ = {
			isa = XCBuildConfiguration;
			buildSettings = {
				ALWAYS_SEARCH_USER_PATHS = NO;
				CLANG_ANALYZER_NONNULL = YES;
				CLANG_ANALYZER_NUMBER_OBJECT_CONVERSION = YES_AGGRESSIVE;
				CLANG_CXX_LANGUAGE_STANDARD = "gnu++14";
				CLANG_CXX_LIBRARY = "libc++";
				CLANG_ENABLE_MODULES = YES;
				CLANG_ENABLE_OBJC_ARC = YES;
				CLANG_ENABLE_OBJC_WEAK = YES;
				CLANG_WARN_BLOCK_CAPTURE_AUTORELEASING = YES;
				CLANG_WARN_BOOL_CONVERSION = YES;
				CLANG_WARN_COMMA = YES;
				CLANG_WARN_CONSTANT_CONVERSION = YES;
				CLANG_WARN_DEPRECATED_OBJC_IMPLEMENTATIONS = YES;
				CLANG_WARN_DIRECT_OBJC_ISA_USAGE = YES_ERROR;
				CLANG_WARN_DOCUMENTATION_COMMENTS = YES;
				CLANG_WARN_EMPTY_BODY = YES;
				CLANG_WARN_ENUM_CONVERSION = YES;
				CLANG_WARN_INFINITE_RECURSION = YES;
				CLANG_WARN_INT_CONVERSION = YES;
				CLANG_WARN_NON_LITERAL_NULL_CONVERSION = YES;
				CLANG_WARN_OBJC_IMPLICIT_RETAIN_SELF = YES;
				CLANG_WARN_OBJC_LITERAL_CONVERSION = YES;
				CLANG_WARN_OBJC_ROOT_CLASS = YES_ERROR;
				CLANG_WARN_RANGE_LOOP_ANALYSIS = YES;
				CLANG_WARN_STRICT_PROTOTYPES = YES;
				CLANG_WARN_SUSPICIOUS_MOVE = YES;
				CLANG_WARN_UNGUARDED_AVAILABILITY = YES_AGGRESSIVE;
				CLANG_WARN_UNREACHABLE_CODE = YES;
				CLANG_WARN__DUPLICATE_METHOD_MATCH = YES;
				COPY_PHASE_STRIP = NO;
				DEBUG_INFORMATION_FORMAT = "dwarf-with-dsym";
				ENABLE_NS_ASSERTIONS = NO;
				ENABLE_STRICT_OBJC_MSGSEND = YES;
				GCC_C_LANGUAGE_STANDARD = gnu11;
				GCC_NO_COMMON_BLOCKS = YES;
				GCC_WARN_64_TO_32_BIT_CONVERSION = YES;
				GCC_WARN_ABOUT_RETURN_TYPE = YES_ERROR;
				GCC_WARN_UNDECLARED_SELECTOR = YES;
				GCC_WARN_UNINITIALIZED_AUTOS = YES_AGGRESSIVE;
				GCC_WARN_UNUSED_FUNCTION = YES;
				GCC_WARN_UNUSED_VARIABLE = YES;
				IPHONEOS_DEPLOYMENT_TARGET = 13.6;
				MTL_ENABLE_DEBUG_INFO = NO;
				MTL_FAST_MATH = YES;
				SDKROOT = iphoneos;
				SWIFT_COMPILATION_MODE = wholemodule;
				SWIFT_OPTIMIZATION_LEVEL = "-O";
				VALIDATE_PRODUCT = YES;
			};
			name = Release;
		};
		BFB06E0B24E8581200EC28F1 /* Debug */ = {
			isa = XCBuildConfiguration;
			baseConfigurationReference = 6A6472D5AC543F9C20757E69 /* Pods-MarvelApp.debug.xcconfig */;
			buildSettings = {
				ASSETCATALOG_COMPILER_APPICON_NAME = AppIcon;
				CODE_SIGN_STYLE = Automatic;
				DEVELOPMENT_TEAM = 8Z9PKA625W;
				INFOPLIST_FILE = MarvelApp/Info.plist;
				LD_RUNPATH_SEARCH_PATHS = (
					"$(inherited)",
					"@executable_path/Frameworks",
				);
				PRODUCT_BUNDLE_IDENTIFIER = guilherme.takakuwa.MarvelApp;
				PRODUCT_NAME = "$(TARGET_NAME)";
				SWIFT_VERSION = 5.0;
				TARGETED_DEVICE_FAMILY = "1,2";
			};
			name = Debug;
		};
		BFB06E0C24E8581200EC28F1 /* Release */ = {
			isa = XCBuildConfiguration;
			baseConfigurationReference = D841ABBD829D124AFEFB9249 /* Pods-MarvelApp.release.xcconfig */;
			buildSettings = {
				ASSETCATALOG_COMPILER_APPICON_NAME = AppIcon;
				CODE_SIGN_STYLE = Automatic;
				DEVELOPMENT_TEAM = 8Z9PKA625W;
				INFOPLIST_FILE = MarvelApp/Info.plist;
				LD_RUNPATH_SEARCH_PATHS = (
					"$(inherited)",
					"@executable_path/Frameworks",
				);
				PRODUCT_BUNDLE_IDENTIFIER = guilherme.takakuwa.MarvelApp;
				PRODUCT_NAME = "$(TARGET_NAME)";
				SWIFT_VERSION = 5.0;
				TARGETED_DEVICE_FAMILY = "1,2";
			};
			name = Release;
		};
		BFB06E0E24E8581200EC28F1 /* Debug */ = {
			isa = XCBuildConfiguration;
			baseConfigurationReference = CFC93CB734C026BA5F2CF310 /* Pods-MarvelAppTests.debug.xcconfig */;
			buildSettings = {
				ALWAYS_EMBED_SWIFT_STANDARD_LIBRARIES = YES;
				BUNDLE_LOADER = "$(TEST_HOST)";
				CODE_SIGN_STYLE = Automatic;
				DEVELOPMENT_TEAM = 8Z9PKA625W;
				INFOPLIST_FILE = MarvelAppTests/Info.plist;
				IPHONEOS_DEPLOYMENT_TARGET = 13.6;
				LD_RUNPATH_SEARCH_PATHS = (
					"$(inherited)",
					"@executable_path/Frameworks",
					"@loader_path/Frameworks",
				);
				PRODUCT_BUNDLE_IDENTIFIER = guilherme.takakuwa.MarvelAppTests;
				PRODUCT_NAME = "$(TARGET_NAME)";
				SWIFT_VERSION = 5.0;
				TARGETED_DEVICE_FAMILY = "1,2";
				TEST_HOST = "$(BUILT_PRODUCTS_DIR)/MarvelApp.app/MarvelApp";
			};
			name = Debug;
		};
		BFB06E0F24E8581200EC28F1 /* Release */ = {
			isa = XCBuildConfiguration;
			baseConfigurationReference = 653FE7D9557D1A2E6BF602F7 /* Pods-MarvelAppTests.release.xcconfig */;
			buildSettings = {
				ALWAYS_EMBED_SWIFT_STANDARD_LIBRARIES = YES;
				BUNDLE_LOADER = "$(TEST_HOST)";
				CODE_SIGN_STYLE = Automatic;
				DEVELOPMENT_TEAM = 8Z9PKA625W;
				INFOPLIST_FILE = MarvelAppTests/Info.plist;
				IPHONEOS_DEPLOYMENT_TARGET = 13.6;
				LD_RUNPATH_SEARCH_PATHS = (
					"$(inherited)",
					"@executable_path/Frameworks",
					"@loader_path/Frameworks",
				);
				PRODUCT_BUNDLE_IDENTIFIER = guilherme.takakuwa.MarvelAppTests;
				PRODUCT_NAME = "$(TARGET_NAME)";
				SWIFT_VERSION = 5.0;
				TARGETED_DEVICE_FAMILY = "1,2";
				TEST_HOST = "$(BUILT_PRODUCTS_DIR)/MarvelApp.app/MarvelApp";
			};
			name = Release;
		};
		BFB06E1124E8581200EC28F1 /* Debug */ = {
			isa = XCBuildConfiguration;
			baseConfigurationReference = 45714D413586F3681EEAC982 /* Pods-MarvelApp-MarvelAppUITests.debug.xcconfig */;
			buildSettings = {
				ALWAYS_EMBED_SWIFT_STANDARD_LIBRARIES = YES;
				CODE_SIGN_STYLE = Automatic;
				DEVELOPMENT_TEAM = 8Z9PKA625W;
				INFOPLIST_FILE = MarvelAppUITests/Info.plist;
				LD_RUNPATH_SEARCH_PATHS = (
					"$(inherited)",
					"@executable_path/Frameworks",
					"@loader_path/Frameworks",
				);
				PRODUCT_BUNDLE_IDENTIFIER = guilherme.takakuwa.MarvelAppUITests;
				PRODUCT_NAME = "$(TARGET_NAME)";
				SWIFT_VERSION = 5.0;
				TARGETED_DEVICE_FAMILY = "1,2";
				TEST_TARGET_NAME = MarvelApp;
			};
			name = Debug;
		};
		BFB06E1224E8581200EC28F1 /* Release */ = {
			isa = XCBuildConfiguration;
			baseConfigurationReference = 64CCC3F24158BA683F8C3459 /* Pods-MarvelApp-MarvelAppUITests.release.xcconfig */;
			buildSettings = {
				ALWAYS_EMBED_SWIFT_STANDARD_LIBRARIES = YES;
				CODE_SIGN_STYLE = Automatic;
				DEVELOPMENT_TEAM = 8Z9PKA625W;
				INFOPLIST_FILE = MarvelAppUITests/Info.plist;
				LD_RUNPATH_SEARCH_PATHS = (
					"$(inherited)",
					"@executable_path/Frameworks",
					"@loader_path/Frameworks",
				);
				PRODUCT_BUNDLE_IDENTIFIER = guilherme.takakuwa.MarvelAppUITests;
				PRODUCT_NAME = "$(TARGET_NAME)";
				SWIFT_VERSION = 5.0;
				TARGETED_DEVICE_FAMILY = "1,2";
				TEST_TARGET_NAME = MarvelApp;
			};
			name = Release;
		};
/* End XCBuildConfiguration section */

/* Begin XCConfigurationList section */
		BFB06DDB24E8580E00EC28F1 /* Build configuration list for PBXProject "MarvelApp" */ = {
			isa = XCConfigurationList;
			buildConfigurations = (
				BFB06E0824E8581200EC28F1 /* Debug */,
				BFB06E0924E8581200EC28F1 /* Release */,
			);
			defaultConfigurationIsVisible = 0;
			defaultConfigurationName = Release;
		};
		BFB06E0A24E8581200EC28F1 /* Build configuration list for PBXNativeTarget "MarvelApp" */ = {
			isa = XCConfigurationList;
			buildConfigurations = (
				BFB06E0B24E8581200EC28F1 /* Debug */,
				BFB06E0C24E8581200EC28F1 /* Release */,
			);
			defaultConfigurationIsVisible = 0;
			defaultConfigurationName = Release;
		};
		BFB06E0D24E8581200EC28F1 /* Build configuration list for PBXNativeTarget "MarvelAppTests" */ = {
			isa = XCConfigurationList;
			buildConfigurations = (
				BFB06E0E24E8581200EC28F1 /* Debug */,
				BFB06E0F24E8581200EC28F1 /* Release */,
			);
			defaultConfigurationIsVisible = 0;
			defaultConfigurationName = Release;
		};
		BFB06E1024E8581200EC28F1 /* Build configuration list for PBXNativeTarget "MarvelAppUITests" */ = {
			isa = XCConfigurationList;
			buildConfigurations = (
				BFB06E1124E8581200EC28F1 /* Debug */,
				BFB06E1224E8581200EC28F1 /* Release */,
			);
			defaultConfigurationIsVisible = 0;
			defaultConfigurationName = Release;
		};
/* End XCConfigurationList section */
	};
	rootObject = BFB06DD824E8580E00EC28F1 /* Project object */;
}
